
Microsoft Visual Studio Solution File, Format Version 12.00
# Visual Studio Version 16
VisualStudioVersion = 16.0.29519.87
MinimumVisualStudioVersion = 10.0.40219.1
Project("{9A19103F-16F7-4668-BE54-9A1E7A4F7556}") = "BlogDemo.Api", "BlogDemo.Api\BlogDemo.Api.csproj", "{922316B4-D00C-4F9A-BD33-8503AEAF0AED}"
EndProject
Project("{9A19103F-16F7-4668-BE54-9A1E7A4F7556}") = "BlogDemo.Core.Model", "BlogDemo.Core\BlogDemo.Core.Model.csproj", "{31168EF1-D8B6-4460-8058-C4416AAB0619}"
EndProject
Project("{9A19103F-16F7-4668-BE54-9A1E7A4F7556}") = "BlogDemo.Core.IRepository", "BlogDemo.Core.IRepository\BlogDemo.Core.IRepository.csproj", "{F764333F-8869-4EA6-82D0-D933AEDDFE3B}"
EndProject
Project("{9A19103F-16F7-4668-BE54-9A1E7A4F7556}") = "BlogDemo.Core.Repository", "BlogDemo.Core.Repository\BlogDemo.Core.Repository.csproj", "{EE5EC174-FEBB-4C48-9D05-CF487A7B9A40}"
EndProject
Project("{9A19103F-16F7-4668-BE54-9A1E7A4F7556}") = "BlogDemo.Core.IService", "BlogDemo.Core.IServices\BlogDemo.Core.IService.csproj", "{F666423C-4A37-4A96-9F07-6EB9D1EF97A2}"
EndProject
Project("{9A19103F-16F7-4668-BE54-9A1E7A4F7556}") = "BlogDemo.Core.Service", "BlogDemo.Core.Service\BlogDemo.Core.Service.csproj", "{EE0A1987-2C33-4234-A7E3-38489E5DDA48}"
EndProject
Project("{FAE04EC0-301F-11D3-BF4B-00C04F79EFBC}") = "BlogDemo.Core.Common", "BlogDemo.Core.Common\BlogDemo.Core.Common.csproj", "{D9B6FF98-7E83-479F-B55D-0BE5484E0C95}"
EndProject
Global
	GlobalSection(SolutionConfigurationPlatforms) = preSolution
		Debug|Any CPU = Debug|Any CPU
		Release|Any CPU = Release|Any CPU
	EndGlobalSection
	GlobalSection(ProjectConfigurationPlatforms) = postSolution
		{922316B4-D00C-4F9A-BD33-8503AEAF0AED}.Debug|Any CPU.ActiveCfg = Debug|Any CPU
		{922316B4-D00C-4F9A-BD33-8503AEAF0AED}.Debug|Any CPU.Build.0 = Debug|Any CPU
		{922316B4-D00C-4F9A-BD33-8503AEAF0AED}.Release|Any CPU.ActiveCfg = Release|Any CPU
		{922316B4-D00C-4F9A-BD33-8503AEAF0AED}.Release|Any CPU.Build.0 = Release|Any CPU
		{31168EF1-D8B6-4460-8058-C4416AAB0619}.Debug|Any CPU.ActiveCfg = Debug|Any CPU
		{31168EF1-D8B6-4460-8058-C4416AAB0619}.Debug|Any CPU.Build.0 = Debug|Any CPU
		{31168EF1-D8B6-4460-8058-C4416AAB0619}.Release|Any CPU.ActiveCfg = Release|Any CPU
		{31168EF1-D8B6-4460-8058-C4416AAB0619}.Release|Any CPU.Build.0 = Release|Any CPU
		{F764333F-8869-4EA6-82D0-D933AEDDFE3B}.Debug|Any CPU.ActiveCfg = Debug|Any CPU
		{F764333F-8869-4EA6-82D0-D933AEDDFE3B}.Debug|Any CPU.Build.0 = Debug|Any CPU
		{F764333F-8869-4EA6-82D0-D933AEDDFE3B}.Release|Any CPU.ActiveCfg = Release|Any CPU
		{F764333F-8869-4EA6-82D0-D933AEDDFE3B}.Release|Any CPU.Build.0 = Release|Any CPU
		{EE5EC174-FEBB-4C48-9D05-CF487A7B9A40}.Debug|Any CPU.ActiveCfg = Debug|Any CPU
		{EE5EC174-FEBB-4C48-9D05-CF487A7B9A40}.Debug|Any CPU.Build.0 = Debug|Any CPU
		{EE5EC174-FEBB-4C48-9D05-CF487A7B9A40}.Release|Any CPU.ActiveCfg = Release|Any CPU
		{EE5EC174-FEBB-4C48-9D05-CF487A7B9A40}.Release|Any CPU.Build.0 = Release|Any CPU
		{F666423C-4A37-4A96-9F07-6EB9D1EF97A2}.Debug|Any CPU.ActiveCfg = Debug|Any CPU
		{F666423C-4A37-4A96-9F07-6EB9D1EF97A2}.Debug|Any CPU.Build.0 = Debug|Any CPU
		{F666423C-4A37-4A96-9F07-6EB9D1EF97A2}.Release|Any CPU.ActiveCfg = Release|Any CPU
		{F666423C-4A37-4A96-9F07-6EB9D1EF97A2}.Release|Any CPU.Build.0 = Release|Any CPU
		{EE0A1987-2C33-4234-A7E3-38489E5DDA48}.Debug|Any CPU.ActiveCfg = Debug|Any CPU
		{EE0A1987-2C33-4234-A7E3-38489E5DDA48}.Debug|Any CPU.Build.0 = Debug|Any CPU
		{EE0A1987-2C33-4234-A7E3-38489E5DDA48}.Release|Any CPU.ActiveCfg = Release|Any CPU
		{EE0A1987-2C33-4234-A7E3-38489E5DDA48}.Release|Any CPU.Build.0 = Release|Any CPU
		{D9B6FF98-7E83-479F-B55D-0BE5484E0C95}.Debug|Any CPU.ActiveCfg = Debug|Any CPU
		{D9B6FF98-7E83-479F-B55D-0BE5484E0C95}.Debug|Any CPU.Build.0 = Debug|Any CPU
		{D9B6FF98-7E83-479F-B55D-0BE5484E0C95}.Release|Any CPU.ActiveCfg = Release|Any CPU
		{D9B6FF98-7E83-479F-B55D-0BE5484E0C95}.Release|Any CPU.Build.0 = Release|Any CPU
	EndGlobalSection
	GlobalSection(SolutionProperties) = preSolution
		HideSolutionNode = FALSE
	EndGlobalSection
	GlobalSection(ExtensibilityGlobals) = postSolution
		SolutionGuid = {19F34A1C-CFD4-49C9-8A28-29AA5803AABC}
	EndGlobalSection
EndGlobal
